{
  "name": "showmecode",
  "version": "1.0.0",
  "lockfileVersion": 1,
  "requires": true,
  "dependencies": {
    "@types/socket.io-client": {
      "version": "1.4.32",
      "resolved": "http://registry.npm.taobao.org/@types/socket.io-client/download/@types/socket.io-client-1.4.32.tgz",
      "integrity": "sha1-mIploDhsJ0scIqVTd/q2oweJrBQ="
    }
  }
}
